
Microsoft Visual Studio Solution File, Format Version 12.00
# Visual Studio Version 17
VisualStudioVersion = 17.13.36105.23 d17.13
MinimumVisualStudioVersion = 10.0.40219.1
Project("{888888A0-9F3D-457C-B088-3A5042F75D52}") = "TradingBot.SignalEngine", "TradingBot.SignalEngine.pyproj", "{419BF358-AFD1-4099-9E2F-4EB26CC7824B}"
EndProject
Global
	GlobalSection(SolutionConfigurationPlatforms) = preSolution
		Debug|Any CPU = Debug|Any CPU
		Release|Any CPU = Release|Any CPU
	EndGlobalSection
	GlobalSection(ProjectConfigurationPlatforms) = postSolution
		{419BF358-AFD1-4099-9E2F-4EB26CC7824B}.Debug|Any CPU.ActiveCfg = Debug|Any CPU
		{419BF358-AFD1-4099-9E2F-4EB26CC7824B}.Release|Any CPU.ActiveCfg = Release|Any CPU
	EndGlobalSection
	GlobalSection(SolutionProperties) = preSolution
		HideSolutionNode = FALSE
	EndGlobalSection
	GlobalSection(ExtensibilityGlobals) = postSolution
		SolutionGuid = {C47DBCAF-09A3-46CD-B886-B7A67EEE67FA}
	EndGlobalSection
EndGlobal
